
Microsoft Visual Studio Solution File, Format Version 12.00
# Visual Studio Version 16
VisualStudioVersion = 16.0.29613.14
MinimumVisualStudioVersion = 10.0.40219.1
Project("{FAE04EC0-301F-11D3-BF4B-00C04F79EFBC}") = "WebApplication1", "WebApplication1.csproj", "{A5562223-03CC-433A-AA8E-3709FF2EA8F5}"
EndProject
Global
	GlobalSection(SolutionConfigurationPlatforms) = preSolution
		Debug|Any CPU = Debug|Any CPU
		Release|Any CPU = Release|Any CPU
	EndGlobalSection
	GlobalSection(ProjectConfigurationPlatforms) = postSolution
		{A5562223-03CC-433A-AA8E-3709FF2EA8F5}.Debug|Any CPU.ActiveCfg = Debug|Any CPU
		{A5562223-03CC-433A-AA8E-3709FF2EA8F5}.Debug|Any CPU.Build.0 = Debug|Any CPU
		{A5562223-03CC-433A-AA8E-3709FF2EA8F5}.Release|Any CPU.ActiveCfg = Release|Any CPU
		{A5562223-03CC-433A-AA8E-3709FF2EA8F5}.Release|Any CPU.Build.0 = Release|Any CPU
	EndGlobalSection
	GlobalSection(SolutionProperties) = preSolution
		HideSolutionNode = FALSE
	EndGlobalSection
	GlobalSection(ExtensibilityGlobals) = postSolution
		SolutionGuid = {3B0B3781-CBB3-4B57-B18E-218E6C8862BF}
	EndGlobalSection
EndGlobal
