
Microsoft Visual Studio Solution File, Format Version 12.00
# Visual Studio Version 16
VisualStudioVersion = 16.0.29613.14
MinimumVisualStudioVersion = 10.0.40219.1
Project("{FAE04EC0-301F-11D3-BF4B-00C04F79EFBC}") = "CrudEF", "CrudEF.csproj", "{207E85C3-8672-4D7B-B2DE-4419A538C6CD}"
EndProject
Global
	GlobalSection(SolutionConfigurationPlatforms) = preSolution
		Debug|Any CPU = Debug|Any CPU
		Release|Any CPU = Release|Any CPU
	EndGlobalSection
	GlobalSection(ProjectConfigurationPlatforms) = postSolution
		{207E85C3-8672-4D7B-B2DE-4419A538C6CD}.Debug|Any CPU.ActiveCfg = Debug|Any CPU
		{207E85C3-8672-4D7B-B2DE-4419A538C6CD}.Debug|Any CPU.Build.0 = Debug|Any CPU
		{207E85C3-8672-4D7B-B2DE-4419A538C6CD}.Release|Any CPU.ActiveCfg = Release|Any CPU
		{207E85C3-8672-4D7B-B2DE-4419A538C6CD}.Release|Any CPU.Build.0 = Release|Any CPU
	EndGlobalSection
	GlobalSection(SolutionProperties) = preSolution
		HideSolutionNode = FALSE
	EndGlobalSection
	GlobalSection(ExtensibilityGlobals) = postSolution
		SolutionGuid = {E9931DF6-F271-4C01-929A-E599A85C7C89}
	EndGlobalSection
EndGlobal
