
Microsoft Visual Studio Solution File, Format Version 12.00
# Visual Studio Version 16
VisualStudioVersion = 16.0.29613.14
MinimumVisualStudioVersion = 10.0.40219.1
Project("{FAE04EC0-301F-11D3-BF4B-00C04F79EFBC}") = "arrayprogram", "arrayprogram.csproj", "{6C0E50ED-5A10-4B55-8AF0-90ABB7CE2C6F}"
EndProject
Global
	GlobalSection(SolutionConfigurationPlatforms) = preSolution
		Debug|Any CPU = Debug|Any CPU
		Release|Any CPU = Release|Any CPU
	EndGlobalSection
	GlobalSection(ProjectConfigurationPlatforms) = postSolution
		{6C0E50ED-5A10-4B55-8AF0-90ABB7CE2C6F}.Debug|Any CPU.ActiveCfg = Debug|Any CPU
		{6C0E50ED-5A10-4B55-8AF0-90ABB7CE2C6F}.Debug|Any CPU.Build.0 = Debug|Any CPU
		{6C0E50ED-5A10-4B55-8AF0-90ABB7CE2C6F}.Release|Any CPU.ActiveCfg = Release|Any CPU
		{6C0E50ED-5A10-4B55-8AF0-90ABB7CE2C6F}.Release|Any CPU.Build.0 = Release|Any CPU
	EndGlobalSection
	GlobalSection(SolutionProperties) = preSolution
		HideSolutionNode = FALSE
	EndGlobalSection
	GlobalSection(ExtensibilityGlobals) = postSolution
		SolutionGuid = {618C833E-8BDF-45E5-A74A-9D2C7E5453E4}
	EndGlobalSection
EndGlobal
