
Microsoft Visual Studio Solution File, Format Version 12.00
# Visual Studio Version 16
VisualStudioVersion = 16.0.29613.14
MinimumVisualStudioVersion = 10.0.40219.1
Project("{FAE04EC0-301F-11D3-BF4B-00C04F79EFBC}") = "polymorphism3", "polymorphism3.csproj", "{8E01C931-F72B-438E-8048-3C55EE410BE8}"
EndProject
Global
	GlobalSection(SolutionConfigurationPlatforms) = preSolution
		Debug|Any CPU = Debug|Any CPU
		Release|Any CPU = Release|Any CPU
	EndGlobalSection
	GlobalSection(ProjectConfigurationPlatforms) = postSolution
		{8E01C931-F72B-438E-8048-3C55EE410BE8}.Debug|Any CPU.ActiveCfg = Debug|Any CPU
		{8E01C931-F72B-438E-8048-3C55EE410BE8}.Debug|Any CPU.Build.0 = Debug|Any CPU
		{8E01C931-F72B-438E-8048-3C55EE410BE8}.Release|Any CPU.ActiveCfg = Release|Any CPU
		{8E01C931-F72B-438E-8048-3C55EE410BE8}.Release|Any CPU.Build.0 = Release|Any CPU
	EndGlobalSection
	GlobalSection(SolutionProperties) = preSolution
		HideSolutionNode = FALSE
	EndGlobalSection
	GlobalSection(ExtensibilityGlobals) = postSolution
		SolutionGuid = {C8CF4F43-6DBE-4769-A2BC-27A6055C8148}
	EndGlobalSection
EndGlobal
